<?xml version="1.0" encoding="utf-8"?>
<Project ToolsVersion="4.0" xmlns="http://schemas.microsoft.com/developer/msbuild/2003">
  <ItemGroup>
    <Filter Include="Source Files">
      <UniqueIdentifier>{4FC737F1-C7A5-4376-A066-2A32D752A2FF}</UniqueIdentifier>
      <Extensions>cpp;c;cc;cxx;c++;cppm;ixx;def;odl;idl;hpj;bat;asm;asmx</Extensions>
    </Filter>
    <Filter Include="Header Files">
      <UniqueIdentifier>{93995380-89BD-4b04-88EB-625FBE52EBFB}</UniqueIdentifier>
      <Extensions>h;hh;hpp;hxx;h++;hm;inl;inc;ipp;xsd</Extensions>
    </Filter>
    <Filter Include="Resource Files">
      <UniqueIdentifier>{67DA6AB6-F800-4c08-8B7A-83BB121AAD01}</UniqueIdentifier>
      <Extensions>rc;ico;cur;bmp;dlg;rc2;rct;bin;rgs;gif;jpg;jpeg;jpe;resx;tiff;tif;png;wav;mfcribbon-ms</Extensions>
    </Filter>
    <Filter Include="Source Files\code">
      <UniqueIdentifier>{2ff616cf-4321-4cd3-ba80-627a36cb23ab}</UniqueIdentifier>
    </Filter>
    <Filter Include="Source Files\shaders">
      <UniqueIdentifier>{c1feab1c-06e2-455d-a90a-dd1cbc1fa196}</UniqueIdentifier>
    </Filter>
    <Filter Include="Source Files\lib">
      <UniqueIdentifier>{6c799d5f-d60c-4e24-8882-c681c6877831}</UniqueIdentifier>
    </Filter>
  </ItemGroup>
  <ItemGroup>
    <ClCompile Include="src\glad.c">
      <Filter>Source Files\lib</Filter>
    </ClCompile>
    <ClCompile Include="src\Bitarray.cpp">
      <Filter>Source Files\code</Filter>
    </ClCompile>
    <ClCompile Include="src\Block.cpp">
      <Filter>Source Files\code</Filter>
    </ClCompile>
    <ClCompile Include="src\BlockPalette.cpp">
      <Filter>Source Files\code</Filter>
    </ClCompile>
    <ClCompile Include="src\BlockShader.cpp">
      <Filter>Source Files\code</Filter>
    </ClCompile>
    <ClCompile Include="src\BoundingBoxRenderer.cpp">
      <Filter>Source Files\code</Filter>
    </ClCompile>
    <ClCompile Include="src\BoundingBoxShader.cpp">
      <Filter>Source Files\code</Filter>
    </ClCompile>
    <ClCompile Include="src\Camera.cpp">
      <Filter>Source Files\code</Filter>
    </ClCompile>
    <ClCompile Include="src\Chunk.cpp">
      <Filter>Source Files\code</Filter>
    </ClCompile>
    <ClCompile Include="src\ChunkProvider.cpp">
      <Filter>Source Files\code</Filter>
    </ClCompile>
    <ClCompile Include="src\ChunkRenderer.cpp">
      <Filter>Source Files\code</Filter>
    </ClCompile>
    <ClCompile Include="src\Game.cpp">
      <Filter>Source Files\code</Filter>
    </ClCompile>
    <ClCompile Include="src\ImageLoader.cpp">
      <Filter>Source Files\code</Filter>
    </ClCompile>
    <ClCompile Include="src\Input.cpp">
      <Filter>Source Files\code</Filter>
    </ClCompile>
    <ClCompile Include="src\lodepng.cpp">
      <Filter>Source Files\code</Filter>
    </ClCompile>
    <ClCompile Include="src\MasterRenderer.cpp">
      <Filter>Source Files\code</Filter>
    </ClCompile>
    <ClCompile Include="src\MinecraftClone.cpp">
      <Filter>Source Files\code</Filter>
    </ClCompile>
    <ClCompile Include="src\MinecraftWorldLoader.cpp">
      <Filter>Source Files\code</Filter>
    </ClCompile>
    <ClCompile Include="src\Mouse.cpp">
      <Filter>Source Files\code</Filter>
    </ClCompile>
    <ClCompile Include="src\NBTData.cpp">
      <Filter>Source Files\code</Filter>
    </ClCompile>
    <ClCompile Include="src\NBTParser.cpp">
      <Filter>Source Files\code</Filter>
    </ClCompile>
    <ClCompile Include="src\Octree.cpp">
      <Filter>Source Files\code</Filter>
    </ClCompile>
    <ClCompile Include="src\OctreeElement.cpp">
      <Filter>Source Files\code</Filter>
    </ClCompile>
    <ClCompile Include="src\OctreeLeaf.cpp">
      <Filter>Source Files\code</Filter>
    </ClCompile>
    <ClCompile Include="src\OctreeNode.cpp">
      <Filter>Source Files\code</Filter>
    </ClCompile>
    <ClCompile Include="src\Player.cpp">
      <Filter>Source Files\code</Filter>
    </ClCompile>
    <ClCompile Include="src\ShaderProgram.cpp">
      <Filter>Source Files\code</Filter>
    </ClCompile>
    <ClCompile Include="src\Simplex.cpp">
      <Filter>Source Files\code</Filter>
    </ClCompile>
    <ClCompile Include="src\Subchunk.cpp">
      <Filter>Source Files\code</Filter>
    </ClCompile>
    <ClCompile Include="src\Util.cpp">
      <Filter>Source Files\code</Filter>
    </ClCompile>
    <ClCompile Include="src\VAO.cpp">
      <Filter>Source Files\code</Filter>
    </ClCompile>
    <ClCompile Include="src\VAOLoader.cpp">
      <Filter>Source Files\code</Filter>
    </ClCompile>
    <ClCompile Include="src\WorldGenerator.cpp">
      <Filter>Source Files\code</Filter>
    </ClCompile>
  </ItemGroup>
  <ItemGroup>
    <ClInclude Include="src\Bitarray.h">
      <Filter>Header Files</Filter>
    </ClInclude>
    <ClInclude Include="src\Block.h">
      <Filter>Header Files</Filter>
    </ClInclude>
    <ClInclude Include="src\BlockPalette.h">
      <Filter>Header Files</Filter>
    </ClInclude>
    <ClInclude Include="src\BlockShader.h">
      <Filter>Header Files</Filter>
    </ClInclude>
    <ClInclude Include="src\BoundingBoxRenderer.h">
      <Filter>Header Files</Filter>
    </ClInclude>
    <ClInclude Include="src\BoundingBoxShader.h">
      <Filter>Header Files</Filter>
    </ClInclude>
    <ClInclude Include="src\Camera.h">
      <Filter>Header Files</Filter>
    </ClInclude>
    <ClInclude Include="src\Chunk.h">
      <Filter>Header Files</Filter>
    </ClInclude>
    <ClInclude Include="src\ChunkProvider.h">
      <Filter>Header Files</Filter>
    </ClInclude>
    <ClInclude Include="src\ChunkRenderer.h">
      <Filter>Header Files</Filter>
    </ClInclude>
    <ClInclude Include="src\Game.h">
      <Filter>Header Files</Filter>
    </ClInclude>
    <ClInclude Include="src\ImageLoader.h">
      <Filter>Header Files</Filter>
    </ClInclude>
    <ClInclude Include="src\Input.h">
      <Filter>Header Files</Filter>
    </ClInclude>
    <ClInclude Include="src\lodepng.h">
      <Filter>Header Files</Filter>
    </ClInclude>
    <ClInclude Include="src\MasterRenderer.h">
      <Filter>Header Files</Filter>
    </ClInclude>
    <ClInclude Include="src\MinecraftWorldLoader.h">
      <Filter>Header Files</Filter>
    </ClInclude>
    <ClInclude Include="src\Mouse.h">
      <Filter>Header Files</Filter>
    </ClInclude>
    <ClInclude Include="src\NBTData.h">
      <Filter>Header Files</Filter>
    </ClInclude>
    <ClInclude Include="src\NBTParser.h">
      <Filter>Header Files</Filter>
    </ClInclude>
    <ClInclude Include="src\Octree.h">
      <Filter>Header Files</Filter>
    </ClInclude>
    <ClInclude Include="src\OctreeElement.h">
      <Filter>Header Files</Filter>
    </ClInclude>
    <ClInclude Include="src\OctreeLeaf.h">
      <Filter>Header Files</Filter>
    </ClInclude>
    <ClInclude Include="src\OctreeNode.h">
      <Filter>Header Files</Filter>
    </ClInclude>
    <ClInclude Include="src\Player.h">
      <Filter>Header Files</Filter>
    </ClInclude>
    <ClInclude Include="src\ShaderProgram.h">
      <Filter>Header Files</Filter>
    </ClInclude>
    <ClInclude Include="src\Simplex.h">
      <Filter>Header Files</Filter>
    </ClInclude>
    <ClInclude Include="src\Subchunk.h">
      <Filter>Header Files</Filter>
    </ClInclude>
    <ClInclude Include="src\Util.h">
      <Filter>Header Files</Filter>
    </ClInclude>
    <ClInclude Include="src\VAO.h">
      <Filter>Header Files</Filter>
    </ClInclude>
    <ClInclude Include="src\VAOLoader.h">
      <Filter>Header Files</Filter>
    </ClInclude>
    <ClInclude Include="src\WorldGenerator.h">
      <Filter>Header Files</Filter>
    </ClInclude>
  </ItemGroup>
  <ItemGroup>
    <None Include="res\shaders\boundingboxFragment.glsl">
      <Filter>Source Files\shaders</Filter>
    </None>
    <None Include="res\shaders\boundingboxVertex.glsl">
      <Filter>Source Files\shaders</Filter>
    </None>
    <None Include="res\shaders\fragmentShader.glsl">
      <Filter>Source Files\shaders</Filter>
    </None>
    <None Include="res\shaders\vertexShader.glsl">
      <Filter>Source Files\shaders</Filter>
    </None>
  </ItemGroup>
</Project>