<?xml version="1.0" encoding="utf-8"?>
<Project ToolsVersion="4.0" xmlns="http://schemas.microsoft.com/developer/msbuild/2003">
  <ItemGroup>
    <Filter Include="Source Files">
      <UniqueIdentifier>{4FC737F1-C7A5-4376-A066-2A32D752A2FF}</UniqueIdentifier>
      <Extensions>cpp;c;cc;cxx;c++;cppm;ixx;def;odl;idl;hpj;bat;asm;asmx</Extensions>
    </Filter>
    <Filter Include="Header Files">
      <UniqueIdentifier>{93995380-89BD-4b04-88EB-625FBE52EBFB}</UniqueIdentifier>
      <Extensions>h;hh;hpp;hxx;h++;hm;inl;inc;ipp;xsd</Extensions>
    </Filter>
    <Filter Include="Resource Files">
      <UniqueIdentifier>{67DA6AB6-F800-4c08-8B7A-83BB121AAD01}</UniqueIdentifier>
      <Extensions>rc;ico;cur;bmp;dlg;rc2;rct;bin;rgs;gif;jpg;jpeg;jpe;resx;tiff;tif;png;wav;mfcribbon-ms</Extensions>
    </Filter>
  </ItemGroup>
  <ItemGroup>
    <ClInclude Include="..\..\..\Downloads\MinecraftClone-main\MinecraftClone-main\src\VAO.h">
      <Filter>Header Files</Filter>
    </ClInclude>
    <ClInclude Include="..\..\..\Downloads\MinecraftClone-main\MinecraftClone-main\src\VAOLoader.h">
      <Filter>Header Files</Filter>
    </ClInclude>
    <ClInclude Include="..\..\..\Downloads\MinecraftClone-main\MinecraftClone-main\src\WorldGenerator.h">
      <Filter>Header Files</Filter>
    </ClInclude>
    <ClInclude Include="..\..\..\Downloads\MinecraftClone-main\MinecraftClone-main\src\Bitarray.h">
      <Filter>Header Files</Filter>
    </ClInclude>
    <ClInclude Include="..\..\..\Downloads\MinecraftClone-main\MinecraftClone-main\src\Block.h">
      <Filter>Header Files</Filter>
    </ClInclude>
    <ClInclude Include="..\..\..\Downloads\MinecraftClone-main\MinecraftClone-main\src\BlockPalette.h">
      <Filter>Header Files</Filter>
    </ClInclude>
    <ClInclude Include="..\..\..\Downloads\MinecraftClone-main\MinecraftClone-main\src\BlockShader.h">
      <Filter>Header Files</Filter>
    </ClInclude>
    <ClInclude Include="..\..\..\Downloads\MinecraftClone-main\MinecraftClone-main\src\BoundingBoxRenderer.h">
      <Filter>Header Files</Filter>
    </ClInclude>
    <ClInclude Include="..\..\..\Downloads\MinecraftClone-main\MinecraftClone-main\src\BoundingBoxShader.h">
      <Filter>Header Files</Filter>
    </ClInclude>
    <ClInclude Include="..\..\..\Downloads\MinecraftClone-main\MinecraftClone-main\src\Camera.h">
      <Filter>Header Files</Filter>
    </ClInclude>
    <ClInclude Include="..\..\..\Downloads\MinecraftClone-main\MinecraftClone-main\src\Chunk.h">
      <Filter>Header Files</Filter>
    </ClInclude>
    <ClInclude Include="..\..\..\Downloads\MinecraftClone-main\MinecraftClone-main\src\ChunkProvider.h">
      <Filter>Header Files</Filter>
    </ClInclude>
    <ClInclude Include="..\..\..\Downloads\MinecraftClone-main\MinecraftClone-main\src\ChunkRenderer.h">
      <Filter>Header Files</Filter>
    </ClInclude>
    <ClInclude Include="..\..\..\Downloads\MinecraftClone-main\MinecraftClone-main\src\Game.h">
      <Filter>Header Files</Filter>
    </ClInclude>
    <ClInclude Include="..\..\..\Downloads\MinecraftClone-main\MinecraftClone-main\src\ImageLoader.h">
      <Filter>Header Files</Filter>
    </ClInclude>
    <ClInclude Include="..\..\..\Downloads\MinecraftClone-main\MinecraftClone-main\src\Input.h">
      <Filter>Header Files</Filter>
    </ClInclude>
    <ClInclude Include="..\..\..\Downloads\MinecraftClone-main\MinecraftClone-main\src\lodepng.h">
      <Filter>Header Files</Filter>
    </ClInclude>
    <ClInclude Include="..\..\..\Downloads\MinecraftClone-main\MinecraftClone-main\src\MasterRenderer.h">
      <Filter>Header Files</Filter>
    </ClInclude>
    <ClInclude Include="..\..\..\Downloads\MinecraftClone-main\MinecraftClone-main\src\MinecraftWorldLoader.h">
      <Filter>Header Files</Filter>
    </ClInclude>
    <ClInclude Include="..\..\..\Downloads\MinecraftClone-main\MinecraftClone-main\src\Mouse.h">
      <Filter>Header Files</Filter>
    </ClInclude>
    <ClInclude Include="..\..\..\Downloads\MinecraftClone-main\MinecraftClone-main\src\NBTData.h">
      <Filter>Header Files</Filter>
    </ClInclude>
    <ClInclude Include="..\..\..\Downloads\MinecraftClone-main\MinecraftClone-main\src\NBTParser.h">
      <Filter>Header Files</Filter>
    </ClInclude>
    <ClInclude Include="..\..\..\Downloads\MinecraftClone-main\MinecraftClone-main\src\Octree.h">
      <Filter>Header Files</Filter>
    </ClInclude>
    <ClInclude Include="..\..\..\Downloads\MinecraftClone-main\MinecraftClone-main\src\OctreeElement.h">
      <Filter>Header Files</Filter>
    </ClInclude>
    <ClInclude Include="..\..\..\Downloads\MinecraftClone-main\MinecraftClone-main\src\OctreeLeaf.h">
      <Filter>Header Files</Filter>
    </ClInclude>
    <ClInclude Include="..\..\..\Downloads\MinecraftClone-main\MinecraftClone-main\src\OctreeNode.h">
      <Filter>Header Files</Filter>
    </ClInclude>
    <ClInclude Include="..\..\..\Downloads\MinecraftClone-main\MinecraftClone-main\src\Player.h">
      <Filter>Header Files</Filter>
    </ClInclude>
    <ClInclude Include="..\..\..\Downloads\MinecraftClone-main\MinecraftClone-main\src\ShaderProgram.h">
      <Filter>Header Files</Filter>
    </ClInclude>
    <ClInclude Include="..\..\..\Downloads\MinecraftClone-main\MinecraftClone-main\src\Simplex.h">
      <Filter>Header Files</Filter>
    </ClInclude>
    <ClInclude Include="..\..\..\Downloads\MinecraftClone-main\MinecraftClone-main\src\Subchunk.h">
      <Filter>Header Files</Filter>
    </ClInclude>
    <ClInclude Include="..\..\..\Downloads\MinecraftClone-main\MinecraftClone-main\src\Util.h">
      <Filter>Header Files</Filter>
    </ClInclude>
    <ClInclude Include="resource.h">
      <Filter>Header Files</Filter>
    </ClInclude>
  </ItemGroup>
  <ItemGroup>
    <ClCompile Include="..\..\..\Downloads\MinecraftClone-main\MinecraftClone-main\src\OctreeLeaf.cpp">
      <Filter>Source Files</Filter>
    </ClCompile>
    <ClCompile Include="..\..\..\Downloads\MinecraftClone-main\MinecraftClone-main\src\OctreeNode.cpp">
      <Filter>Source Files</Filter>
    </ClCompile>
    <ClCompile Include="..\..\..\Downloads\MinecraftClone-main\MinecraftClone-main\src\Player.cpp">
      <Filter>Source Files</Filter>
    </ClCompile>
    <ClCompile Include="..\..\..\Downloads\MinecraftClone-main\MinecraftClone-main\src\ShaderProgram.cpp">
      <Filter>Source Files</Filter>
    </ClCompile>
    <ClCompile Include="..\..\..\Downloads\MinecraftClone-main\MinecraftClone-main\src\Simplex.cpp">
      <Filter>Source Files</Filter>
    </ClCompile>
    <ClCompile Include="..\..\..\Downloads\MinecraftClone-main\MinecraftClone-main\src\Subchunk.cpp">
      <Filter>Source Files</Filter>
    </ClCompile>
    <ClCompile Include="..\..\..\Downloads\MinecraftClone-main\MinecraftClone-main\src\Util.cpp">
      <Filter>Source Files</Filter>
    </ClCompile>
    <ClCompile Include="..\..\..\Downloads\MinecraftClone-main\MinecraftClone-main\src\VAO.cpp">
      <Filter>Source Files</Filter>
    </ClCompile>
    <ClCompile Include="..\..\..\Downloads\MinecraftClone-main\MinecraftClone-main\src\VAOLoader.cpp">
      <Filter>Source Files</Filter>
    </ClCompile>
    <ClCompile Include="..\..\..\Downloads\MinecraftClone-main\MinecraftClone-main\src\WorldGenerator.cpp">
      <Filter>Source Files</Filter>
    </ClCompile>
    <ClCompile Include="..\..\..\Downloads\MinecraftClone-main\MinecraftClone-main\src\Bitarray.cpp">
      <Filter>Source Files</Filter>
    </ClCompile>
    <ClCompile Include="..\..\..\Downloads\MinecraftClone-main\MinecraftClone-main\src\Block.cpp">
      <Filter>Source Files</Filter>
    </ClCompile>
    <ClCompile Include="..\..\..\Downloads\MinecraftClone-main\MinecraftClone-main\src\BlockPalette.cpp">
      <Filter>Source Files</Filter>
    </ClCompile>
    <ClCompile Include="..\..\..\Downloads\MinecraftClone-main\MinecraftClone-main\src\BlockShader.cpp">
      <Filter>Source Files</Filter>
    </ClCompile>
    <ClCompile Include="..\..\..\Downloads\MinecraftClone-main\MinecraftClone-main\src\BoundingBoxRenderer.cpp">
      <Filter>Source Files</Filter>
    </ClCompile>
    <ClCompile Include="..\..\..\Downloads\MinecraftClone-main\MinecraftClone-main\src\BoundingBoxShader.cpp">
      <Filter>Source Files</Filter>
    </ClCompile>
    <ClCompile Include="..\..\..\Downloads\MinecraftClone-main\MinecraftClone-main\src\Camera.cpp">
      <Filter>Source Files</Filter>
    </ClCompile>
    <ClCompile Include="..\..\..\Downloads\MinecraftClone-main\MinecraftClone-main\src\Chunk.cpp">
      <Filter>Source Files</Filter>
    </ClCompile>
    <ClCompile Include="..\..\..\Downloads\MinecraftClone-main\MinecraftClone-main\src\ChunkProvider.cpp">
      <Filter>Source Files</Filter>
    </ClCompile>
    <ClCompile Include="..\..\..\Downloads\MinecraftClone-main\MinecraftClone-main\src\ChunkRenderer.cpp">
      <Filter>Source Files</Filter>
    </ClCompile>
    <ClCompile Include="..\..\..\Downloads\MinecraftClone-main\MinecraftClone-main\src\Game.cpp">
      <Filter>Source Files</Filter>
    </ClCompile>
    <ClCompile Include="..\..\..\Downloads\MinecraftClone-main\MinecraftClone-main\src\ImageLoader.cpp">
      <Filter>Source Files</Filter>
    </ClCompile>
    <ClCompile Include="..\..\..\Downloads\MinecraftClone-main\MinecraftClone-main\src\Input.cpp">
      <Filter>Source Files</Filter>
    </ClCompile>
    <ClCompile Include="..\..\..\Downloads\MinecraftClone-main\MinecraftClone-main\src\lodepng.cpp">
      <Filter>Source Files</Filter>
    </ClCompile>
    <ClCompile Include="..\..\..\Downloads\MinecraftClone-main\MinecraftClone-main\src\MasterRenderer.cpp">
      <Filter>Source Files</Filter>
    </ClCompile>
    <ClCompile Include="..\..\..\Downloads\MinecraftClone-main\MinecraftClone-main\src\MinecraftClone.cpp">
      <Filter>Source Files</Filter>
    </ClCompile>
    <ClCompile Include="..\..\..\Downloads\MinecraftClone-main\MinecraftClone-main\src\MinecraftWorldLoader.cpp">
      <Filter>Source Files</Filter>
    </ClCompile>
    <ClCompile Include="..\..\..\Downloads\MinecraftClone-main\MinecraftClone-main\src\Mouse.cpp">
      <Filter>Source Files</Filter>
    </ClCompile>
    <ClCompile Include="..\..\..\Downloads\MinecraftClone-main\MinecraftClone-main\src\NBTData.cpp">
      <Filter>Source Files</Filter>
    </ClCompile>
    <ClCompile Include="..\..\..\Downloads\MinecraftClone-main\MinecraftClone-main\src\NBTParser.cpp">
      <Filter>Source Files</Filter>
    </ClCompile>
    <ClCompile Include="..\..\..\Downloads\MinecraftClone-main\MinecraftClone-main\src\Octree.cpp">
      <Filter>Source Files</Filter>
    </ClCompile>
    <ClCompile Include="..\..\..\Downloads\MinecraftClone-main\MinecraftClone-main\src\OctreeElement.cpp">
      <Filter>Source Files</Filter>
    </ClCompile>
    <ClCompile Include="..\..\..\..\..\vclib\GL\GLAD\src\glad.c">
      <Filter>Source Files</Filter>
    </ClCompile>
  </ItemGroup>
  <ItemGroup>
    <None Include="ClassDiagram.cd" />
  </ItemGroup>
</Project>